
Microsoft Visual Studio Solution File, Format Version 12.00
# Visual Studio Version 17
VisualStudioVersion = 17.11.35431.28
MinimumVisualStudioVersion = 10.0.40219.1
Project("{FAE04EC0-301F-11D3-BF4B-00C04F79EFBC}") = "FoodDeliveryApplication", "FoodDeliveryApplication\FoodDeliveryApplication.csproj", "{6710E9AE-6D77-46FA-B044-B72E3810D57D}"
EndProject
Global
	GlobalSection(SolutionConfigurationPlatforms) = preSolution
		Debug|Any CPU = Debug|Any CPU
		Release|Any CPU = Release|Any CPU
	EndGlobalSection
	GlobalSection(ProjectConfigurationPlatforms) = postSolution
		{6710E9AE-6D77-46FA-B044-B72E3810D57D}.Debug|Any CPU.ActiveCfg = Debug|Any CPU
		{6710E9AE-6D77-46FA-B044-B72E3810D57D}.Debug|Any CPU.Build.0 = Debug|Any CPU
		{6710E9AE-6D77-46FA-B044-B72E3810D57D}.Release|Any CPU.ActiveCfg = Release|Any CPU
		{6710E9AE-6D77-46FA-B044-B72E3810D57D}.Release|Any CPU.Build.0 = Release|Any CPU
	EndGlobalSection
	GlobalSection(SolutionProperties) = preSolution
		HideSolutionNode = FALSE
	EndGlobalSection
	GlobalSection(ExtensibilityGlobals) = postSolution
		SolutionGuid = {F5C1A095-D3A2-4A46-91C9-BF40A2CAA333}
	EndGlobalSection
EndGlobal
